// !$*UTF8*$!
{
	archiveVersion = 1;
	classes = {
	};
	objectVersion = 46;
	objects = {

/* Begin PBXBuildFile section */
		F75687DA1999526B0050C60C /* Foundation.framework in Frameworks */ = {isa = PBXBuildFile; fileRef = F75687D91999526B0050C60C /* Foundation.framework */; };
		F75687DC1999526B0050C60C /* CoreGraphics.framework in Frameworks */ = {isa = PBXBuildFile; fileRef = F75687DB1999526B0050C60C /* CoreGraphics.framework */; };
		F75687DE1999526B0050C60C /* UIKit.framework in Frameworks */ = {isa = PBXBuildFile; fileRef = F75687DD1999526B0050C60C /* UIKit.framework */; };
		F75687E41999526B0050C60C /* InfoPlist.strings in Resources */ = {isa = PBXBuildFile; fileRef = F75687E21999526B0050C60C /* InfoPlist.strings */; };
		F75687E61999526B0050C60C /* main.m in Sources */ = {isa = PBXBuildFile; fileRef = F75687E51999526B0050C60C /* main.m */; };
		F75687EA1999526B0050C60C /* DBAppDelegate.m in Sources */ = {isa = PBXBuildFile; fileRef = F75687E91999526B0050C60C /* DBAppDelegate.m */; };
		F75687ED1999526B0050C60C /* Main.storyboard in Resources */ = {isa = PBXBuildFile; fileRef = F75687EB1999526B0050C60C /* Main.storyboard */; };
		F75687F01999526B0050C60C /* DBViewController.m in Sources */ = {isa = PBXBuildFile; fileRef = F75687EF1999526B0050C60C /* DBViewController.m */; };
		F75687F21999526B0050C60C /* Images.xcassets in Resources */ = {isa = PBXBuildFile; fileRef = F75687F11999526B0050C60C /* Images.xcassets */; };
		F75687F91999526B0050C60C /* XCTest.framework in Frameworks */ = {isa = PBXBuildFile; fileRef = F75687F81999526B0050C60C /* XCTest.framework */; };
		F75687FA1999526B0050C60C /* Foundation.framework in Frameworks */ = {isa = PBXBuildFile; fileRef = F75687D91999526B0050C60C /* Foundation.framework */; };
		F75687FB1999526B0050C60C /* UIKit.framework in Frameworks */ = {isa = PBXBuildFile; fileRef = F75687DD1999526B0050C60C /* UIKit.framework */; };
		F75688031999526B0050C60C /* InfoPlist.strings in Resources */ = {isa = PBXBuildFile; fileRef = F75688011999526B0050C60C /* InfoPlist.strings */; };
		F75688051999526B0050C60C /* DynamicBehaviorsTests.m in Sources */ = {isa = PBXBuildFile; fileRef = F75688041999526B0050C60C /* DynamicBehaviorsTests.m */; };
		F7568810199952E90050C60C /* DBCircleView.m in Sources */ = {isa = PBXBuildFile; fileRef = F756880F199952E90050C60C /* DBCircleView.m */; };
		F7568813199955910050C60C /* DBBumperView.m in Sources */ = {isa = PBXBuildFile; fileRef = F7568812199955910050C60C /* DBBumperView.m */; };
/* End PBXBuildFile section */

/* Begin PBXContainerItemProxy section */
		F75687FC1999526B0050C60C /* PBXContainerItemProxy */ = {
			isa = PBXContainerItemProxy;
			containerPortal = F75687CE1999526B0050C60C /* Project object */;
			proxyType = 1;
			remoteGlobalIDString = F75687D51999526B0050C60C;
			remoteInfo = DynamicBehaviors;
		};
/* End PBXContainerItemProxy section */

/* Begin PBXFileReference section */
		F75687D61999526B0050C60C /* DynamicBehaviors.app */ = {isa = PBXFileReference; explicitFileType = wrapper.application; includeInIndex = 0; path = DynamicBehaviors.app; sourceTree = BUILT_PRODUCTS_DIR; };
		F75687D91999526B0050C60C /* Foundation.framework */ = {isa = PBXFileReference; lastKnownFileType = wrapper.framework; name = Foundation.framework; path = System/Library/Frameworks/Foundation.framework; sourceTree = SDKROOT; };
		F75687DB1999526B0050C60C /* CoreGraphics.framework */ = {isa = PBXFileReference; lastKnownFileType = wrapper.framework; name = CoreGraphics.framework; path = System/Library/Frameworks/CoreGraphics.framework; sourceTree = SDKROOT; };
		F75687DD1999526B0050C60C /* UIKit.framework */ = {isa = PBXFileReference; lastKnownFileType = wrapper.framework; name = UIKit.framework; path = System/Library/Frameworks/UIKit.framework; sourceTree = SDKROOT; };
		F75687E11999526B0050C60C /* DynamicBehaviors-Info.plist */ = {isa = PBXFileReference; lastKnownFileType = text.plist.xml; path = "DynamicBehaviors-Info.plist"; sourceTree = "<group>"; };
		F75687E31999526B0050C60C /* en */ = {isa = PBXFileReference; lastKnownFileType = text.plist.strings; name = en; path = en.lproj/InfoPlist.strings; sourceTree = "<group>"; };
		F75687E51999526B0050C60C /* main.m */ = {isa = PBXFileReference; lastKnownFileType = sourcecode.c.objc; path = main.m; sourceTree = "<group>"; };
		F75687E71999526B0050C60C /* DynamicBehaviors-Prefix.pch */ = {isa = PBXFileReference; lastKnownFileType = sourcecode.c.h; path = "DynamicBehaviors-Prefix.pch"; sourceTree = "<group>"; };
		F75687E81999526B0050C60C /* DBAppDelegate.h */ = {isa = PBXFileReference; lastKnownFileType = sourcecode.c.h; path = DBAppDelegate.h; sourceTree = "<group>"; };
		F75687E91999526B0050C60C /* DBAppDelegate.m */ = {isa = PBXFileReference; lastKnownFileType = sourcecode.c.objc; path = DBAppDelegate.m; sourceTree = "<group>"; };
		F75687EC1999526B0050C60C /* Base */ = {isa = PBXFileReference; lastKnownFileType = file.storyboard; name = Base; path = Base.lproj/Main.storyboard; sourceTree = "<group>"; };
		F75687EE1999526B0050C60C /* DBViewController.h */ = {isa = PBXFileReference; lastKnownFileType = sourcecode.c.h; path = DBViewController.h; sourceTree = "<group>"; };
		F75687EF1999526B0050C60C /* DBViewController.m */ = {isa = PBXFileReference; lastKnownFileType = sourcecode.c.objc; path = DBViewController.m; sourceTree = "<group>"; };
		F75687F11999526B0050C60C /* Images.xcassets */ = {isa = PBXFileReference; lastKnownFileType = folder.assetcatalog; path = Images.xcassets; sourceTree = "<group>"; };
		F75687F71999526B0050C60C /* DynamicBehaviorsTests.xctest */ = {isa = PBXFileReference; explicitFileType = wrapper.cfbundle; includeInIndex = 0; path = DynamicBehaviorsTests.xctest; sourceTree = BUILT_PRODUCTS_DIR; };
		F75687F81999526B0050C60C /* XCTest.framework */ = {isa = PBXFileReference; lastKnownFileType = wrapper.framework; name = XCTest.framework; path = Library/Frameworks/XCTest.framework; sourceTree = DEVELOPER_DIR; };
		F75688001999526B0050C60C /* DynamicBehaviorsTests-Info.plist */ = {isa = PBXFileReference; lastKnownFileType = text.plist.xml; path = "DynamicBehaviorsTests-Info.plist"; sourceTree = "<group>"; };
		F75688021999526B0050C60C /* en */ = {isa = PBXFileReference; lastKnownFileType = text.plist.strings; name = en; path = en.lproj/InfoPlist.strings; sourceTree = "<group>"; };
		F75688041999526B0050C60C /* DynamicBehaviorsTests.m */ = {isa = PBXFileReference; lastKnownFileType = sourcecode.c.objc; path = DynamicBehaviorsTests.m; sourceTree = "<group>"; };
		F756880E199952E90050C60C /* DBCircleView.h */ = {isa = PBXFileReference; fileEncoding = 4; lastKnownFileType = sourcecode.c.h; path = DBCircleView.h; sourceTree = "<group>"; };
		F756880F199952E90050C60C /* DBCircleView.m */ = {isa = PBXFileReference; fileEncoding = 4; lastKnownFileType = sourcecode.c.objc; path = DBCircleView.m; sourceTree = "<group>"; };
		F7568811199955910050C60C /* DBBumperView.h */ = {isa = PBXFileReference; fileEncoding = 4; lastKnownFileType = sourcecode.c.h; path = DBBumperView.h; sourceTree = "<group>"; };
		F7568812199955910050C60C /* DBBumperView.m */ = {isa = PBXFileReference; fileEncoding = 4; lastKnownFileType = sourcecode.c.objc; path = DBBumperView.m; sourceTree = "<group>"; };
/* End PBXFileReference section */

/* Begin PBXFrameworksBuildPhase section */
		F75687D31999526B0050C60C /* Frameworks */ = {
			isa = PBXFrameworksBuildPhase;
			buildActionMask = 2147483647;
			files = (
				F75687DC1999526B0050C60C /* CoreGraphics.framework in Frameworks */,
				F75687DE1999526B0050C60C /* UIKit.framework in Frameworks */,
				F75687DA1999526B0050C60C /* Foundation.framework in Frameworks */,
			);
			runOnlyForDeploymentPostprocessing = 0;
		};
		F75687F41999526B0050C60C /* Frameworks */ = {
			isa = PBXFrameworksBuildPhase;
			buildActionMask = 2147483647;
			files = (
				F75687F91999526B0050C60C /* XCTest.framework in Frameworks */,
				F75687FB1999526B0050C60C /* UIKit.framework in Frameworks */,
				F75687FA1999526B0050C60C /* Foundation.framework in Frameworks */,
			);
			runOnlyForDeploymentPostprocessing = 0;
		};
/* End PBXFrameworksBuildPhase section */

/* Begin PBXGroup section */
		F75687CD1999526B0050C60C = {
			isa = PBXGroup;
			children = (
				F75687DF1999526B0050C60C /* DynamicBehaviors */,
				F75687FE1999526B0050C60C /* DynamicBehaviorsTests */,
				F75687D81999526B0050C60C /* Frameworks */,
				F75687D71999526B0050C60C /* Products */,
			);
			sourceTree = "<group>";
		};
		F75687D71999526B0050C60C /* Products */ = {
			isa = PBXGroup;
			children = (
				F75687D61999526B0050C60C /* DynamicBehaviors.app */,
				F75687F71999526B0050C60C /* DynamicBehaviorsTests.xctest */,
			);
			name = Products;
			sourceTree = "<group>";
		};
		F75687D81999526B0050C60C /* Frameworks */ = {
			isa = PBXGroup;
			children = (
				F75687D91999526B0050C60C /* Foundation.framework */,
				F75687DB1999526B0050C60C /* CoreGraphics.framework */,
				F75687DD1999526B0050C60C /* UIKit.framework */,
				F75687F81999526B0050C60C /* XCTest.framework */,
			);
			name = Frameworks;
			sourceTree = "<group>";
		};
		F75687DF1999526B0050C60C /* DynamicBehaviors */ = {
			isa = PBXGroup;
			children = (
				F75687E81999526B0050C60C /* DBAppDelegate.h */,
				F75687E91999526B0050C60C /* DBAppDelegate.m */,
				F75687EB1999526B0050C60C /* Main.storyboard */,
				F75687EE1999526B0050C60C /* DBViewController.h */,
				F75687EF1999526B0050C60C /* DBViewController.m */,
				F75687F11999526B0050C60C /* Images.xcassets */,
				F75687E01999526B0050C60C /* Supporting Files */,
				F756880E199952E90050C60C /* DBCircleView.h */,
				F756880F199952E90050C60C /* DBCircleView.m */,
				F7568811199955910050C60C /* DBBumperView.h */,
				F7568812199955910050C60C /* DBBumperView.m */,
			);
			path = DynamicBehaviors;
			sourceTree = "<group>";
		};
		F75687E01999526B0050C60C /* Supporting Files */ = {
			isa = PBXGroup;
			children = (
				F75687E11999526B0050C60C /* DynamicBehaviors-Info.plist */,
				F75687E21999526B0050C60C /* InfoPlist.strings */,
				F75687E51999526B0050C60C /* main.m */,
				F75687E71999526B0050C60C /* DynamicBehaviors-Prefix.pch */,
			);
			name = "Supporting Files";
			sourceTree = "<group>";
		};
		F75687FE1999526B0050C60C /* DynamicBehaviorsTests */ = {
			isa = PBXGroup;
			children = (
				F75688041999526B0050C60C /* DynamicBehaviorsTests.m */,
				F75687FF1999526B0050C60C /* Supporting Files */,
			);
			path = DynamicBehaviorsTests;
			sourceTree = "<group>";
		};
		F75687FF1999526B0050C60C /* Supporting Files */ = {
			isa = PBXGroup;
			children = (
				F75688001999526B0050C60C /* DynamicBehaviorsTests-Info.plist */,
				F75688011999526B0050C60C /* InfoPlist.strings */,
			);
			name = "Supporting Files";
			sourceTree = "<group>";
		};
/* End PBXGroup section */

/* Begin PBXNativeTarget section */
		F75687D51999526B0050C60C /* DynamicBehaviors */ = {
			isa = PBXNativeTarget;
			buildConfigurationList = F75688081999526B0050C60C /* Build configuration list for PBXNativeTarget "DynamicBehaviors" */;
			buildPhases = (
				F75687D21999526B0050C60C /* Sources */,
				F75687D31999526B0050C60C /* Frameworks */,
				F75687D41999526B0050C60C /* Resources */,
			);
			buildRules = (
			);
			dependencies = (
			);
			name = DynamicBehaviors;
			productName = DynamicBehaviors;
			productReference = F75687D61999526B0050C60C /* DynamicBehaviors.app */;
			productType = "com.apple.product-type.application";
		};
		F75687F61999526B0050C60C /* DynamicBehaviorsTests */ = {
			isa = PBXNativeTarget;
			buildConfigurationList = F756880B1999526B0050C60C /* Build configuration list for PBXNativeTarget "DynamicBehaviorsTests" */;
			buildPhases = (
				F75687F31999526B0050C60C /* Sources */,
				F75687F41999526B0050C60C /* Frameworks */,
				F75687F51999526B0050C60C /* Resources */,
			);
			buildRules = (
			);
			dependencies = (
				F75687FD1999526B0050C60C /* PBXTargetDependency */,
			);
			name = DynamicBehaviorsTests;
			productName = DynamicBehaviorsTests;
			productReference = F75687F71999526B0050C60C /* DynamicBehaviorsTests.xctest */;
			productType = "com.apple.product-type.bundle.unit-test";
		};
/* End PBXNativeTarget section */

/* Begin PBXProject section */
		F75687CE1999526B0050C60C /* Project object */ = {
			isa = PBXProject;
			attributes = {
				CLASSPREFIX = DB;
				LastUpgradeCheck = 0510;
				ORGANIZATIONNAME = "MKN Mobile";
				TargetAttributes = {
					F75687F61999526B0050C60C = {
						TestTargetID = F75687D51999526B0050C60C;
					};
				};
			};
			buildConfigurationList = F75687D11999526B0050C60C /* Build configuration list for PBXProject "DynamicBehaviors" */;
			compatibilityVersion = "Xcode 3.2";
			developmentRegion = English;
			hasScannedForEncodings = 0;
			knownRegions = (
				en,
				Base,
			);
			mainGroup = F75687CD1999526B0050C60C;
			productRefGroup = F75687D71999526B0050C60C /* Products */;
			projectDirPath = "";
			projectRoot = "";
			targets = (
				F75687D51999526B0050C60C /* DynamicBehaviors */,
				F75687F61999526B0050C60C /* DynamicBehaviorsTests */,
			);
		};
/* End PBXProject section */

/* Begin PBXResourcesBuildPhase section */
		F75687D41999526B0050C60C /* Resources */ = {
			isa = PBXResourcesBuildPhase;
			buildActionMask = 2147483647;
			files = (
				F75687F21999526B0050C60C /* Images.xcassets in Resources */,
				F75687E41999526B0050C60C /* InfoPlist.strings in Resources */,
				F75687ED1999526B0050C60C /* Main.storyboard in Resources */,
			);
			runOnlyForDeploymentPostprocessing = 0;
		};
		F75687F51999526B0050C60C /* Resources */ = {
			isa = PBXResourcesBuildPhase;
			buildActionMask = 2147483647;
			files = (
				F75688031999526B0050C60C /* InfoPlist.strings in Resources */,
			);
			runOnlyForDeploymentPostprocessing = 0;
		};
/* End PBXResourcesBuildPhase section */

/* Begin PBXSourcesBuildPhase section */
		F75687D21999526B0050C60C /* Sources */ = {
			isa = PBXSourcesBuildPhase;
			buildActionMask = 2147483647;
			files = (
				F7568810199952E90050C60C /* DBCircleView.m in Sources */,
				F75687EA1999526B0050C60C /* DBAppDelegate.m in Sources */,
				F75687F01999526B0050C60C /* DBViewController.m in Sources */,
				F75687E61999526B0050C60C /* main.m in Sources */,
				F7568813199955910050C60C /* DBBumperView.m in Sources */,
			);
			runOnlyForDeploymentPostprocessing = 0;
		};
		F75687F31999526B0050C60C /* Sources */ = {
			isa = PBXSourcesBuildPhase;
			buildActionMask = 2147483647;
			files = (
				F75688051999526B0050C60C /* DynamicBehaviorsTests.m in Sources */,
			);
			runOnlyForDeploymentPostprocessing = 0;
		};
/* End PBXSourcesBuildPhase section */

/* Begin PBXTargetDependency section */
		F75687FD1999526B0050C60C /* PBXTargetDependency */ = {
			isa = PBXTargetDependency;
			target = F75687D51999526B0050C60C /* DynamicBehaviors */;
			targetProxy = F75687FC1999526B0050C60C /* PBXContainerItemProxy */;
		};
/* End PBXTargetDependency section */

/* Begin PBXVariantGroup section */
		F75687E21999526B0050C60C /* InfoPlist.strings */ = {
			isa = PBXVariantGroup;
			children = (
				F75687E31999526B0050C60C /* en */,
			);
			name = InfoPlist.strings;
			sourceTree = "<group>";
		};
		F75687EB1999526B0050C60C /* Main.storyboard */ = {
			isa = PBXVariantGroup;
			children = (
				F75687EC1999526B0050C60C /* Base */,
			);
			name = Main.storyboard;
			sourceTree = "<group>";
		};
		F75688011999526B0050C60C /* InfoPlist.strings */ = {
			isa = PBXVariantGroup;
			children = (
				F75688021999526B0050C60C /* en */,
			);
			name = InfoPlist.strings;
			sourceTree = "<group>";
		};
/* End PBXVariantGroup section */

/* Begin XCBuildConfiguration section */
		F75688061999526B0050C60C /* Debug */ = {
			isa = XCBuildConfiguration;
			buildSettings = {
				ALWAYS_SEARCH_USER_PATHS = NO;
				CLANG_CXX_LANGUAGE_STANDARD = "gnu++0x";
				CLANG_CXX_LIBRARY = "libc++";
				CLANG_ENABLE_MODULES = YES;
				CLANG_ENABLE_OBJC_ARC = YES;
				CLANG_WARN_BOOL_CONVERSION = YES;
				CLANG_WARN_CONSTANT_CONVERSION = YES;
				CLANG_WARN_DIRECT_OBJC_ISA_USAGE = YES_ERROR;
				CLANG_WARN_EMPTY_BODY = YES;
				CLANG_WARN_ENUM_CONVERSION = YES;
				CLANG_WARN_INT_CONVERSION = YES;
				CLANG_WARN_OBJC_ROOT_CLASS = YES_ERROR;
				CLANG_WARN__DUPLICATE_METHOD_MATCH = YES;
				"CODE_SIGN_IDENTITY[sdk=iphoneos*]" = "iPhone Developer";
				COPY_PHASE_STRIP = NO;
				GCC_C_LANGUAGE_STANDARD = gnu99;
				GCC_DYNAMIC_NO_PIC = NO;
				GCC_OPTIMIZATION_LEVEL = 0;
				GCC_PREPROCESSOR_DEFINITIONS = (
					"DEBUG=1",
					"$(inherited)",
				);
				GCC_SYMBOLS_PRIVATE_EXTERN = NO;
				GCC_WARN_64_TO_32_BIT_CONVERSION = YES;
				GCC_WARN_ABOUT_RETURN_TYPE = YES_ERROR;
				GCC_WARN_UNDECLARED_SELECTOR = YES;
				GCC_WARN_UNINITIALIZED_AUTOS = YES_AGGRESSIVE;
				GCC_WARN_UNUSED_FUNCTION = YES;
				GCC_WARN_UNUSED_VARIABLE = YES;
				IPHONEOS_DEPLOYMENT_TARGET = 7.1;
				ONLY_ACTIVE_ARCH = YES;
				SDKROOT = iphoneos;
			};
			name = Debug;
		};
		F75688071999526B0050C60C /* Release */ = {
			isa = XCBuildConfiguration;
			buildSettings = {
				ALWAYS_SEARCH_USER_PATHS = NO;
				CLANG_CXX_LANGUAGE_STANDARD = "gnu++0x";
				CLANG_CXX_LIBRARY = "libc++";
				CLANG_ENABLE_MODULES = YES;
				CLANG_ENABLE_OBJC_ARC = YES;
				CLANG_WARN_BOOL_CONVERSION = YES;
				CLANG_WARN_CONSTANT_CONVERSION = YES;
				CLANG_WARN_DIRECT_OBJC_ISA_USAGE = YES_ERROR;
				CLANG_WARN_EMPTY_BODY = YES;
				CLANG_WARN_ENUM_CONVERSION = YES;
				CLANG_WARN_INT_CONVERSION = YES;
				CLANG_WARN_OBJC_ROOT_CLASS = YES_ERROR;
				CLANG_WARN__DUPLICATE_METHOD_MATCH = YES;
				"CODE_SIGN_IDENTITY[sdk=iphoneos*]" = "iPhone Developer";
				COPY_PHASE_STRIP = YES;
				ENABLE_NS_ASSERTIONS = NO;
				GCC_C_LANGUAGE_STANDARD = gnu99;
				GCC_WARN_64_TO_32_BIT_CONVERSION = YES;
				GCC_WARN_ABOUT_RETURN_TYPE = YES_ERROR;
				GCC_WARN_UNDECLARED_SELECTOR = YES;
				GCC_WARN_UNINITIALIZED_AUTOS = YES_AGGRESSIVE;
				GCC_WARN_UNUSED_FUNCTION = YES;
				GCC_WARN_UNUSED_VARIABLE = YES;
				IPHONEOS_DEPLOYMENT_TARGET = 7.1;
				SDKROOT = iphoneos;
				VALIDATE_PRODUCT = YES;
			};
			name = Release;
		};
		F75688091999526B0050C60C /* Debug */ = {
			isa = XCBuildConfiguration;
			buildSettings = {
				ASSETCATALOG_COMPILER_APPICON_NAME = AppIcon;
				ASSETCATALOG_COMPILER_LAUNCHIMAGE_NAME = LaunchImage;
				GCC_PRECOMPILE_PREFIX_HEADER = YES;
				GCC_PREFIX_HEADER = "DynamicBehaviors/DynamicBehaviors-Prefix.pch";
				INFOPLIST_FILE = "DynamicBehaviors/DynamicBehaviors-Info.plist";
				PRODUCT_NAME = "$(TARGET_NAME)";
				WRAPPER_EXTENSION = app;
			};
			name = Debug;
		};
		F756880A1999526B0050C60C /* Release */ = {
			isa = XCBuildConfiguration;
			buildSettings = {
				ASSETCATALOG_COMPILER_APPICON_NAME = AppIcon;
				ASSETCATALOG_COMPILER_LAUNCHIMAGE_NAME = LaunchImage;
				GCC_PRECOMPILE_PREFIX_HEADER = YES;
				GCC_PREFIX_HEADER = "DynamicBehaviors/DynamicBehaviors-Prefix.pch";
				INFOPLIST_FILE = "DynamicBehaviors/DynamicBehaviors-Info.plist";
				PRODUCT_NAME = "$(TARGET_NAME)";
				WRAPPER_EXTENSION = app;
			};
			name = Release;
		};
		F756880C1999526B0050C60C /* Debug */ = {
			isa = XCBuildConfiguration;
			buildSettings = {
				BUNDLE_LOADER = "$(BUILT_PRODUCTS_DIR)/DynamicBehaviors.app/DynamicBehaviors";
				FRAMEWORK_SEARCH_PATHS = (
					"$(SDKROOT)/Developer/Library/Frameworks",
					"$(inherited)",
					"$(DEVELOPER_FRAMEWORKS_DIR)",
				);
				GCC_PRECOMPILE_PREFIX_HEADER = YES;
				GCC_PREFIX_HEADER = "DynamicBehaviors/DynamicBehaviors-Prefix.pch";
				GCC_PREPROCESSOR_DEFINITIONS = (
					"DEBUG=1",
					"$(inherited)",
				);
				INFOPLIST_FILE = "DynamicBehaviorsTests/DynamicBehaviorsTests-Info.plist";
				PRODUCT_NAME = "$(TARGET_NAME)";
				TEST_HOST = "$(BUNDLE_LOADER)";
				WRAPPER_EXTENSION = xctest;
			};
			name = Debug;
		};
		F756880D1999526B0050C60C /* Release */ = {
			isa = XCBuildConfiguration;
			buildSettings = {
				BUNDLE_LOADER = "$(BUILT_PRODUCTS_DIR)/DynamicBehaviors.app/DynamicBehaviors";
				FRAMEWORK_SEARCH_PATHS = (
					"$(SDKROOT)/Developer/Library/Frameworks",
					"$(inherited)",
					"$(DEVELOPER_FRAMEWORKS_DIR)",
				);
				GCC_PRECOMPILE_PREFIX_HEADER = YES;
				GCC_PREFIX_HEADER = "DynamicBehaviors/DynamicBehaviors-Prefix.pch";
				INFOPLIST_FILE = "DynamicBehaviorsTests/DynamicBehaviorsTests-Info.plist";
				PRODUCT_NAME = "$(TARGET_NAME)";
				TEST_HOST = "$(BUNDLE_LOADER)";
				WRAPPER_EXTENSION = xctest;
			};
			name = Release;
		};
/* End XCBuildConfiguration section */

/* Begin XCConfigurationList section */
		F75687D11999526B0050C60C /* Build configuration list for PBXProject "DynamicBehaviors" */ = {
			isa = XCConfigurationList;
			buildConfigurations = (
				F75688061999526B0050C60C /* Debug */,
				F75688071999526B0050C60C /* Release */,
			);
			defaultConfigurationIsVisible = 0;
			defaultConfigurationName = Release;
		};
		F75688081999526B0050C60C /* Build configuration list for PBXNativeTarget "DynamicBehaviors" */ = {
			isa = XCConfigurationList;
			buildConfigurations = (
				F75688091999526B0050C60C /* Debug */,
				F756880A1999526B0050C60C /* Release */,
			);
			defaultConfigurationIsVisible = 0;
		};
		F756880B1999526B0050C60C /* Build configuration list for PBXNativeTarget "DynamicBehaviorsTests" */ = {
			isa = XCConfigurationList;
			buildConfigurations = (
				F756880C1999526B0050C60C /* Debug */,
				F756880D1999526B0050C60C /* Release */,
			);
			defaultConfigurationIsVisible = 0;
		};
/* End XCConfigurationList section */
	};
	rootObject = F75687CE1999526B0050C60C /* Project object */;
}
